
Microsoft Visual Studio Solution File, Format Version 12.00
# Visual Studio Version 16
VisualStudioVersion = 16.0.32802.440
MinimumVisualStudioVersion = 10.0.40219.1
Project("{8BC9CEB8-8B4A-11D0-8D11-00A0C91BC942}") = "Client", "Client\Client.vcxproj", "{96003751-7970-4FD5-B9C7-4EA3A58CA478}"
EndProject
Global
	GlobalSection(SolutionConfigurationPlatforms) = preSolution
		Debug|ARM = Debug|ARM
		Debug|ARM64 = Debug|ARM64
		Debug|x64 = Debug|x64
		Debug|x86 = Debug|x86
		Release|ARM = Release|ARM
		Release|ARM64 = Release|ARM64
		Release|x64 = Release|x64
		Release|x86 = Release|x86
	EndGlobalSection
	GlobalSection(ProjectConfigurationPlatforms) = postSolution
		{96003751-7970-4FD5-B9C7-4EA3A58CA478}.Debug|ARM.ActiveCfg = Debug|ARM
		{96003751-7970-4FD5-B9C7-4EA3A58CA478}.Debug|ARM.Build.0 = Debug|ARM
		{96003751-7970-4FD5-B9C7-4EA3A58CA478}.Debug|ARM.Deploy.0 = Debug|ARM
		{96003751-7970-4FD5-B9C7-4EA3A58CA478}.Debug|ARM64.ActiveCfg = Debug|ARM64
		{96003751-7970-4FD5-B9C7-4EA3A58CA478}.Debug|ARM64.Build.0 = Debug|ARM64
		{96003751-7970-4FD5-B9C7-4EA3A58CA478}.Debug|ARM64.Deploy.0 = Debug|ARM64
		{96003751-7970-4FD5-B9C7-4EA3A58CA478}.Debug|x64.ActiveCfg = Debug|x64
		{96003751-7970-4FD5-B9C7-4EA3A58CA478}.Debug|x64.Build.0 = Debug|x64
		{96003751-7970-4FD5-B9C7-4EA3A58CA478}.Debug|x64.Deploy.0 = Debug|x64
		{96003751-7970-4FD5-B9C7-4EA3A58CA478}.Debug|x86.ActiveCfg = Debug|x86
		{96003751-7970-4FD5-B9C7-4EA3A58CA478}.Debug|x86.Build.0 = Debug|x86
		{96003751-7970-4FD5-B9C7-4EA3A58CA478}.Debug|x86.Deploy.0 = Debug|x86
		{96003751-7970-4FD5-B9C7-4EA3A58CA478}.Release|ARM.ActiveCfg = Release|ARM
		{96003751-7970-4FD5-B9C7-4EA3A58CA478}.Release|ARM.Build.0 = Release|ARM
		{96003751-7970-4FD5-B9C7-4EA3A58CA478}.Release|ARM.Deploy.0 = Release|ARM
		{96003751-7970-4FD5-B9C7-4EA3A58CA478}.Release|ARM64.ActiveCfg = Release|ARM64
		{96003751-7970-4FD5-B9C7-4EA3A58CA478}.Release|ARM64.Build.0 = Release|ARM64
		{96003751-7970-4FD5-B9C7-4EA3A58CA478}.Release|ARM64.Deploy.0 = Release|ARM64
		{96003751-7970-4FD5-B9C7-4EA3A58CA478}.Release|x64.ActiveCfg = Release|x64
		{96003751-7970-4FD5-B9C7-4EA3A58CA478}.Release|x64.Build.0 = Release|x64
		{96003751-7970-4FD5-B9C7-4EA3A58CA478}.Release|x64.Deploy.0 = Release|x64
		{96003751-7970-4FD5-B9C7-4EA3A58CA478}.Release|x86.ActiveCfg = Release|x86
		{96003751-7970-4FD5-B9C7-4EA3A58CA478}.Release|x86.Build.0 = Release|x86
		{96003751-7970-4FD5-B9C7-4EA3A58CA478}.Release|x86.Deploy.0 = Release|x86
	EndGlobalSection
	GlobalSection(SolutionProperties) = preSolution
		HideSolutionNode = FALSE
	EndGlobalSection
	GlobalSection(ExtensibilityGlobals) = postSolution
		SolutionGuid = {46719950-8B13-4765-8088-A15EC102867D}
	EndGlobalSection
EndGlobal
